
Microsoft Visual Studio Solution File, Format Version 12.00
# Visual Studio Version 17
VisualStudioVersion = 17.10.35013.160
MinimumVisualStudioVersion = 10.0.40219.1
Project("{FAE04EC0-301F-11D3-BF4B-00C04F79EFBC}") = "GestorTarea", "GestorTarea\GestorTarea.csproj", "{264A2510-7AC1-436B-823B-E9336FBB3BF3}"
EndProject
Global
	GlobalSection(SolutionConfigurationPlatforms) = preSolution
		Debug|Any CPU = Debug|Any CPU
		Release|Any CPU = Release|Any CPU
	EndGlobalSection
	GlobalSection(ProjectConfigurationPlatforms) = postSolution
		{264A2510-7AC1-436B-823B-E9336FBB3BF3}.Debug|Any CPU.ActiveCfg = Debug|Any CPU
		{264A2510-7AC1-436B-823B-E9336FBB3BF3}.Debug|Any CPU.Build.0 = Debug|Any CPU
		{264A2510-7AC1-436B-823B-E9336FBB3BF3}.Release|Any CPU.ActiveCfg = Release|Any CPU
		{264A2510-7AC1-436B-823B-E9336FBB3BF3}.Release|Any CPU.Build.0 = Release|Any CPU
	EndGlobalSection
	GlobalSection(SolutionProperties) = preSolution
		HideSolutionNode = FALSE
	EndGlobalSection
	GlobalSection(ExtensibilityGlobals) = postSolution
		SolutionGuid = {1C014482-BD74-4FAC-9EAF-59C5631C3853}
	EndGlobalSection
EndGlobal
